golang.org/x/crypto v0.0.0-20221005025214-4161e89ecf1b h1:huxqepDufQpLLIRXiVkTvnxrzJlpwmIWAObmcCcUFr0=
golang.org/x/crypto v0.0.0-20221005025214-4161e89ecf1b/go.mod h1:IxCIyHEi3zRg3s0A5j5BB6A9Jmi73HwBIUl50j+osU4=
golang.org/x/sys v0.0.0-20220928140112-f11e5e49a4ec h1:BkDtF2Ih9xZ7le9ndzTA7KJow28VbQW3odyk/8drmuI=
golang.org/x/sys v0.0.0-20220928140112-f11e5e49a4ec/go.mod h1:oPkhp1MJrh7nUepCBck5+mAzfO9JrbApNNgaTdGDITg=
golang.org/x/term v0.0.0-20220919170432-7a66f970e087 h1:tPwmk4vmvVCMdr98VgL4JH+qZxPL8fqlUOHnyOM8N3w=
golang.org/x/term v0.0.0-20220919170432-7a66f970e087/go.mod h1:jbD1KX2456YbFQfuXm/mYQcufACuNUgVhRMnK/tPxf8=
shanhu.io/aries v0.0.0-20221006032658-5b12ceeb1cac h1:5ceUWy2G6iEMpDzD+RNjS3MJbR55FIIig5vVSvhuA+Q=
shanhu.io/aries v0.0.0-20221006032658-5b12ceeb1cac/go.mod h1:cZY3+fvMyPMnTwIbZtqo0hINPaHFs3JSuwQNKZXMZyA=
shanhu.io/dags v0.0.0-20220320061527-bb7abb042c8a h1:NcOLR5x5Iunl2bz74vc0rTDZdltqHfPFvINKs270OMA=
shanhu.io/dags v0.0.0-20220320061527-bb7abb042c8a/go.mod h1:7Vbod2TNeWhaiyPB9XbMlyH8t4a5UvWsq73TIO5WBww=
shanhu.io/misc v0.0.0-20221006032650-f7e4a299c6c7 h1:chmpOfEzXmvF3GqIMUtdQqBzwVLAM+Cjqi8kD/d/mB0=
shanhu.io/misc v0.0.0-20221006032650-f7e4a299c6c7/go.mod h1:weB73kh19d/WB7Ylwa1alThmPAs2Lq2RqkXG8nctgNU=
