golang.org/x/crypto v0.0.0-20220924013350-4ba4fb4dd9e7 h1:WJywXQVIb56P2kAvXeMGTIgQ1ZHQxR60+F9dLsodECc=
golang.org/x/crypto v0.0.0-20220924013350-4ba4fb4dd9e7/go.mod h1:IxCIyHEi3zRg3s0A5j5BB6A9Jmi73HwBIUl50j+osU4=
golang.org/x/sys v0.0.0-20220919091848-fb04ddd9f9c8 h1:h+EGohizhe9XlX18rfpa8k8RAc5XyaeamM+0VHRd4lc=
golang.org/x/sys v0.0.0-20220919091848-fb04ddd9f9c8/go.mod h1:oPkhp1MJrh7nUepCBck5+mAzfO9JrbApNNgaTdGDITg=
golang.org/x/term v0.0.0-20220919170432-7a66f970e087 h1:tPwmk4vmvVCMdr98VgL4JH+qZxPL8fqlUOHnyOM8N3w=
golang.org/x/term v0.0.0-20220919170432-7a66f970e087/go.mod h1:jbD1KX2456YbFQfuXm/mYQcufACuNUgVhRMnK/tPxf8=
shanhu.io/aries v0.0.0-20220924060611-f5178690eb21 h1:Xq099+622T6A+brhyHqBo0AIhJPm8AcwYbPj11t9NE4=
shanhu.io/aries v0.0.0-20220924060611-f5178690eb21/go.mod h1:9ZIM6rAkoIYZT5QrZRWfaepWwuKfmtMQR3Ysbht5K3U=
shanhu.io/dags v0.0.0-20220320061527-bb7abb042c8a h1:NcOLR5x5Iunl2bz74vc0rTDZdltqHfPFvINKs270OMA=
shanhu.io/dags v0.0.0-20220320061527-bb7abb042c8a/go.mod h1:7Vbod2TNeWhaiyPB9XbMlyH8t4a5UvWsq73TIO5WBww=
shanhu.io/misc v0.0.0-20220924060604-a30f053f63de h1:QqcljLKgn7DnvozN9okfoaruVrfTmb+iUIeGdaf1yBY=
shanhu.io/misc v0.0.0-20220924060604-a30f053f63de/go.mod h1:CNG2rXfq7+Z0QeWVL02an6SGotBc2RD3HCP/4jTUvzQ=
