golang.org/x/crypto v0.0.0-20220817201139-bc19a97f63c8 h1:GIAS/yBem/gq2MUqgNIzUHW7cJMmx3TGZOrnyYaNQ6c=
golang.org/x/crypto v0.0.0-20220817201139-bc19a97f63c8/go.mod h1:IxCIyHEi3zRg3s0A5j5BB6A9Jmi73HwBIUl50j+osU4=
golang.org/x/sys v0.0.0-20220818161305-2296e01440c6 h1:Sx/u41w+OwrInGdEckYmEuU5gHoGSL4QbDz3S9s6j4U=
golang.org/x/sys v0.0.0-20220818161305-2296e01440c6/go.mod h1:oPkhp1MJrh7nUepCBck5+mAzfO9JrbApNNgaTdGDITg=
golang.org/x/term v0.0.0-20220722155259-a9ba230a4035 h1:Q5284mrmYTpACcm+eAKjKJH48BBwSyfJqmmGDTtT8Vc=
golang.org/x/term v0.0.0-20220722155259-a9ba230a4035/go.mod h1:jbD1KX2456YbFQfuXm/mYQcufACuNUgVhRMnK/tPxf8=
shanhu.io/aries v0.0.0-20220820222509-df953ba5ed1b h1:VfC8jE6Fg1vf25PCUCbGQdpJvACnhvp5JOX7RxFmauw=
shanhu.io/aries v0.0.0-20220820222509-df953ba5ed1b/go.mod h1:N5InQTpeJA/jUuUdFOR/2ZNqUHkINB6ZkPKl4EKnH+s=
shanhu.io/dags v0.0.0-20220320061527-bb7abb042c8a h1:NcOLR5x5Iunl2bz74vc0rTDZdltqHfPFvINKs270OMA=
shanhu.io/dags v0.0.0-20220320061527-bb7abb042c8a/go.mod h1:7Vbod2TNeWhaiyPB9XbMlyH8t4a5UvWsq73TIO5WBww=
shanhu.io/misc v0.0.0-20220820222500-86b210f46c7e h1:/r4SMjGMPvtliH2brGZYzrJaeyFIDWhvElfn+W34oV8=
shanhu.io/misc v0.0.0-20220820222500-86b210f46c7e/go.mod h1:aWBSo+dxIfA0Seo7xkm0xdZysw7BC1ES8igG/fbySow=
